# THIS IS AN AUTOGENERATED FILE. DO NOT EDIT THIS FILE DIRECTLY.
# yarn lockfile v1


"@adobe/css-tools@^4.4.0":
  version "4.5.0"
  resolved "https://registry.npmjs.org/@adobe/css-tools/-/css-tools-4.5.0.tgz"
  integrity sha512-6OzddxPio9UiWTCemp4N8cYLV2ZN1ncRnV1cVGtve7dhPOtRkleRyx32GQCYSwDYgaHU3USMm84tNsvKzRCa1Q==

"@babel/code-frame@^7.10.4":
  version "7.18.6"
  resolved "https://registry.npmjs.org/@babel/code-frame/-/code-frame-7.18.6.tgz"
  integrity sha512-TDCmlK5eOvH+eH7cdAFlNXeVJqWIQ7gW9tY1GJIpUtFb6CmjVyq2VM3u71bOyR8CRihcCgMUYoDNyLXao3+70Q==
  dependencies:
    "@babel/highlight" "^7.18.6"

"@babel/helper-validator-identifier@^7.18.6":
  version "7.19.1"
  resolved "https://registry.npmjs.org/@babel/helper-validator-identifier/-/helper-validator-identifier-7.19.1.tgz"
  integrity sha512-awrNfaMtnHUr653GgGEs++LlAvW6w+DcPrOliSMXWCKo597CwL5Acf/wWdNkf/tfEQE3mjkeD1YOVZOUV/od1w==

"@babel/highlight@^7.18.6":
  version "7.18.6"
  resolved "https://registry.npmjs.org/@babel/highlight/-/highlight-7.18.6.tgz"
  integrity sha512-u7stbOuYjaPezCuLj29hNW1v64M2Md2qupEKP1fHc7WdOA3DgLh37suiSrZYY7haUB7iBeQZ9P1uiRF359do3g==
  dependencies:
    "@babel/helper-validator-identifier" "^7.18.6"
    chalk "^2.0.0"
    js-tokens "^4.0.0"

"@babel/runtime@^7.12.5":
  version "7.20.6"
  resolved "https://registry.npmjs.org/@babel/runtime/-/runtime-7.20.6.tgz"
  integrity sha512-Q+8MqP7TiHMWzSfwiJwXCjyf4GYA4Dgw3emg/7xmwsdLJOZUp+nMqcOwOzzYheuM1rhDu8FSj2l0aoMygEuXuA==
  dependencies:
    regenerator-runtime "^0.13.11"

"@inquirer/ansi@^2.0.8":
  version "2.0.8"
  resolved "https://registry.npmjs.org/@inquirer/ansi/-/ansi-2.0.8.tgz"
  integrity sha512-WpQM+Ti6Z40EFwwt+uL2p4UabT+W179zHp6HhLVOzfbwnVn05IPO/eXIZXGNqcT1jbQ15SujNLzQ39k4QPPxBQ==

"@inquirer/confirm@^6.0.11":
  version "6.3.2"
  resolved "https://registry.npmjs.org/@inquirer/confirm/-/confirm-6.3.2.tgz"
  integrity sha512-Xvr/0HggjddPtGppuqVmxhTw+Hr8PvsZ/k0HmOEaAqQEt80OITNkFWnsdNmyT0/eM4Ab+iJLx2R8rctlEyfSVg==
  dependencies:
    "@inquirer/core" "^12.0.3"
    "@inquirer/type" "4.1.1"

"@inquirer/core@^12.0.3":
  version "12.0.3"
  resolved "https://registry.npmjs.org/@inquirer/core/-/core-12.0.3.tgz"
  integrity sha512-wsSy0sznmXwkty+2PzZwx00Cazc/E0r0B7mAzdGROz2Ct+DFZXaK7WDjGZvgjRldxH5ZhFVfF2lgkYrqgOw2KA==
  dependencies:
    "@inquirer/ansi" "^2.0.8"
    "@inquirer/figures" "^2.0.9"
    "@inquirer/type" "4.1.1"
    cli-width "^4.1.0"
    fast-wrap-ansi "^0.2.0"
    mute-stream "^3.0.0"
    signal-exit "^4.1.0"

"@inquirer/figures@^2.0.9":
  version "2.0.9"
  resolved "https://registry.npmjs.org/@inquirer/figures/-/figures-2.0.9.tgz"
  integrity sha512-EAWgUTGQ/Umgga51dE3B2PUHbufuXarDfg86uVgoSgNHNNQnyFKcOrQLWVqYMghuSyHh8+2HUH0Js9cTC1WAdg==

"@inquirer/type@4.1.1":
  version "4.1.1"
  resolved "https://registry.npmjs.org/@inquirer/type/-/type-4.1.1.tgz"
  integrity sha512-yJoHYrMnxIsJZCY+0Vb66Dy3he3kL3e2wOBKhoSwWWAzZAY82emlxwgprCtp6yRixvNRNq9ztfRWQYPNr3Go7A==

"@msw/url@^0.1.2":
  version "0.1.2"
  resolved "https://registry.npmjs.org/@msw/url/-/url-0.1.2.tgz"
  integrity sha512-DdeBLQxQ+ZrtmwEmaj7GQ7lbzPCgbbbyAqOz/I4ulo68hwBpfdNvQJ5bmihJUkAAKOeCmqCIG3OFZGosqFN4mA==

"@mswjs/interceptors@^0.45.6":
  version "0.45.6"
  resolved "https://registry.npmjs.org/@mswjs/interceptors/-/interceptors-0.45.6.tgz"
  integrity sha512-qdBK6aOT5Qjt+cmU/XcobZjjmrIsdiQRR6hA0LP72uB7CRx+XfAjm8Opvgia8nX9kPOKqp+BKHuzMa1IFPTvyg==
  dependencies:
    "@open-draft/until" "^3.0.1"
    "@types/debug" "^4.1.13"
    debug "^4.4.3"
    is-node-process "^1.2.0"
    outvariant "^1.4.3"
    rettime "^0.11.12"

"@open-draft/until@^3.0.1":
  version "3.0.1"
  resolved "https://registry.npmjs.org/@open-draft/until/-/until-3.0.1.tgz"
  integrity sha512-s7/9ELP4aP9YZtW7RJaa0Xf3RISaRH9+EFN18FtykJYRHGNrl8f9ymvoNXzjhrjmftFvkQudtuDU9RYhk0xs3A==

"@oxc-project/types@=0.152.0":
  version "0.152.0"
  resolved "https://registry.npmjs.org/@oxc-project/types/-/types-0.152.0.tgz"
  integrity sha512-oM/5rLBm2tPkg0iBgkH/FOeR3PCDpY19GTgAZjMFM8h9WI9VW7cLgzp6nwtarYKmovavIQZ+Fe/RKX/8C8O/Rw==

"@rolldown/binding-win32-x64-msvc@1.2.12":
  version "1.2.12"
  resolved "https://registry.npmjs.org/@rolldown/binding-win32-x64-msvc/-/binding-win32-x64-msvc-1.2.12.tgz"
  integrity sha512-WIw2haVKwjuYdXkHaoC0mF8Le71TuCBxjrdKqLbJGctbBABj+ClfmNvtbOnzpq3RokNo5+V1qhtSzJyXorsklQ==

"@rolldown/pluginutils@^1.0.0", "@rolldown/pluginutils@^1.0.1":
  version "1.0.1"
  resolved "https://registry.npmjs.org/@rolldown/pluginutils/-/pluginutils-1.0.1.tgz"
  integrity sha512-2j9bGt5Jh8hj+vPtgzPtl72j0yRxHAyumoo6TNfAjsLB04UtpSvPbPcDcBMxz7n+9CYB0c1GxQFxYRg2jimqGw==

"@testing-library/dom@^10.0.0", "@testing-library/dom@>=10 <11", "@testing-library/dom@>=7.21.4":
  version "10.4.1"
  resolved "https://registry.npmjs.org/@testing-library/dom/-/dom-10.4.1.tgz"
  integrity sha512-o4PXJQidqJl82ckFaXUeoAW+XysPLauYI43Abki5hABd853iMhitooc6znOnczgbTYmEP6U6/y1ZyKAIsvMKGg==
  dependencies:
    "@babel/code-frame" "^7.10.4"
    "@babel/runtime" "^7.12.5"
    "@types/aria-query" "^5.0.1"
    aria-query "5.3.0"
    dom-accessibility-api "^0.5.9"
    lz-string "^1.5.0"
    picocolors "1.1.1"
    pretty-format "^27.0.2"

"@testing-library/jest-dom@^7.0.1":
  version "7.0.1"
  resolved "https://registry.npmjs.org/@testing-library/jest-dom/-/jest-dom-7.0.1.tgz"
  integrity sha512-oMDTC3oA+6CXSO2JZnvOI7CA6oVub6kij5ggk9ohwye5slmkwxYDXcPOVxgMw/RQlticjtO0C1RZkR97HgrWMw==
  dependencies:
    "@adobe/css-tools" "^4.4.0"
    aria-query "^5.0.0"
    css.escape "^1.5.1"
    dom-accessibility-api "^0.6.3"
    picocolors "^1.1.1"
    redent "^3.0.0"

"@testing-library/react@^16.3.3":
  version "16.3.3"
  resolved "https://registry.npmjs.org/@testing-library/react/-/react-16.3.3.tgz"
  integrity sha512-Uo193NgQbPMz6lrrhtRQQFcMC6Re/ELLFbbuVL30WDlZxlpZf9/lMHTAVxPRLw1q1iu9OJmR1c2BLiENRstdBg==
  dependencies:
    "@babel/runtime" "^7.12.5"

"@testing-library/user-event@^14.6.7":
  version "14.6.7"
  resolved "https://registry.npmjs.org/@testing-library/user-event/-/user-event-14.6.7.tgz"
  integrity sha512-MPCpX8bxe8zS+JmmTwLp8jd0dy1rAm60Te/SL8JrQM3qvQJcBOs1d7IefJMyZzqM3EWBrDn/LWDt1BCGu4ASfg==

"@types/aria-query@^5.0.1":
  version "5.0.4"
  resolved "https://registry.npmjs.org/@types/aria-query/-/aria-query-5.0.4.tgz"
  integrity sha512-rfT93uj5s0PRL7EzccGMs3brplhcrghnDoV26NqKhCAS1hVo+WdNsPvE/yb6ilfr5hi2MEk6d5EWJTKdxg8jVw==

"@types/debug@^4.1.13":
  version "4.1.13"
  resolved "https://registry.npmjs.org/@types/debug/-/debug-4.1.13.tgz"
  integrity sha512-KSVgmQmzMwPlmtljOomayoR89W4FynCAi3E8PPs7vmDVPe84hT+vGPKkJfThkmXs0x0jAaa9U8uW8bbfyS2fWw==
  dependencies:
    "@types/ms" "*"

"@types/ms@*":
  version "2.1.0"
  resolved "https://registry.npmjs.org/@types/ms/-/ms-2.1.0.tgz"
  integrity sha512-GsCCIZDE/p3i96vtEqx+7dBUGXrc7zeSK3wwPHIaRThS+9OhWIXRqzs4d6k1SVU8g91DrNRWxWUGhp5KXQb2VA==

"@types/node@*", "@types/node@^20.19.0 || >=22.12.0", "@types/node@>=18":
  version "26.6.3"
  resolved "https://registry.npmjs.org/@types/node/-/node-26.6.3.tgz"
  integrity sha512-dsqMQQoeTLqu9wynDD00q573mNzso3IdQOAfHRJqLCcmCFPoGo9A1bDpUcv/9tnKpErQWv9uKeGfl37EIS02Yg==
  dependencies:
    undici-types "~8.9.0"

"@types/set-cookie-parser@^2.4.10":
  version "2.4.10"
  resolved "https://registry.npmjs.org/@types/set-cookie-parser/-/set-cookie-parser-2.4.10.tgz"
  integrity sha512-GGmQVGpQWUe5qglJozEjZV/5dyxbOOZ0LHe/lqyWssB88Y4svNfst0uqBVscdDeIKl5Jy5+aPSvy7mI9tYRguw==
  dependencies:
    "@types/node" "*"

"@vitejs/plugin-react@^6.1.1":
  version "6.1.1"
  resolved "https://registry.npmjs.org/@vitejs/plugin-react/-/plugin-react-6.1.1.tgz"
  integrity sha512-yxLaQV9gkhS8ezJqCM6+ndU7mDY6gqAg75NQ+0IjwEI8IYOmQCgkRwHKVSfWXW076DsqMo0Dk+0FK1U+M5RgFw==
  dependencies:
    "@rolldown/pluginutils" "^1.0.1"

ansi-regex@^5.0.1:
  version "5.0.1"
  resolved "https://registry.npmjs.org/ansi-regex/-/ansi-regex-5.0.1.tgz"
  integrity sha512-quJQXlTSUGL2LH9SUXo8VwsY4soanhgo6LNSm84E1LBcE8s3O0wpdiRzyR9z/ZZJMlMWv37qOOb9pdJlMUEKFQ==

ansi-regex@^6.2.2:
  version "6.4.0"
  resolved "https://registry.npmjs.org/ansi-regex/-/ansi-regex-6.4.0.tgz"
  integrity sha512-KzTVk2tCWAHtYrvvvaP8bJKJq2pVinhLcGEQdtLIYPbmNGNyYe8QwNaTUYQp2J7/vIsUKt5QCqAfUkYyG9DkOw==

ansi-styles@^3.2.1:
  version "3.2.1"
  resolved "https://registry.npmjs.org/ansi-styles/-/ansi-styles-3.2.1.tgz"
  integrity sha512-VT0ZI6kZRdTh8YyJw3SMbYm/u+NqfsAxEpWO0Pf9sq8/e94WxxOpPKx9FR1FlyCtOVDNOQ+8ntlqFxiRc+r5qA==
  dependencies:
    color-convert "^1.9.0"

ansi-styles@^5.0.0:
  version "5.2.0"
  resolved "https://registry.npmjs.org/ansi-styles/-/ansi-styles-5.2.0.tgz"
  integrity sha512-Cxwpt2SfTzTtXcfOlzGEee8O+c+MmUgGrNiBcXnuWxuFJHe6a5Hz7qwhwe5OgaSYI0IJvkLqWX1ASG+cJOkEiA==

ansi-styles@^6.2.1:
  version "6.2.3"
  resolved "https://registry.npmjs.org/ansi-styles/-/ansi-styles-6.2.3.tgz"
  integrity sha512-4Dj6M28JB+oAH8kFkTLUo+a2jwOFkuqb3yucU0CANcRRUbxS0cP0nZYCGjcc3BNXwRIsUVmDGgzawme7zvJHvg==

aria-query@^5.0.0, aria-query@5.3.0:
  version "5.3.0"
  resolved "https://registry.npmjs.org/aria-query/-/aria-query-5.3.0.tgz"
  integrity sha512-b0P0sZPKtyu8HkeRAfCq0IfURZK+SuwMjY1UXGBU27wpAiTwQAIlq56IbIO+ytk/JjS1fMR14ee5WBBfKi5J6A==
  dependencies:
    dequal "^2.0.3"

chalk@^2.0.0:
  version "2.4.2"
  resolved "https://registry.npmjs.org/chalk/-/chalk-2.4.2.tgz"
  integrity sha512-Mti+f9lpJNcwF4tWV8/OrTTtF1gZi+f8FqlyAdouralcFWFQWF2+NgCHShjkCb+IFBLq9buZwE1xckQU4peSuQ==
  dependencies:
    ansi-styles "^3.2.1"
    escape-string-regexp "^1.0.5"
    supports-color "^5.3.0"

cli-width@^4.1.0:
  version "4.1.0"
  resolved "https://registry.npmjs.org/cli-width/-/cli-width-4.1.0.tgz"
  integrity sha512-ouuZd4/dm2Sw5Gmqy6bGyNNNe1qt9RpmxveLSO7KcgsTnU7RXfsw+/bukWGo1abgBiMAic068rclZsO4IWmmxQ==

cliui@^9.0.1:
  version "9.0.1"
  resolved "https://registry.npmjs.org/cliui/-/cliui-9.0.1.tgz"
  integrity sha512-k7ndgKhwoQveBL+/1tqGJYNz097I7WOvwbmmU2AR5+magtbjPWQTS1C5vzGkBC8Ym8UWRzfKUzUUqFLypY4Q+w==
  dependencies:
    string-width "^7.2.0"
    strip-ansi "^7.1.0"
    wrap-ansi "^9.0.0"

color-convert@^1.9.0:
  version "1.9.3"
  resolved "https://registry.npmjs.org/color-convert/-/color-convert-1.9.3.tgz"
  integrity sha512-QfAUtd+vFdAtFQcC8CCyYt1fYWxSqAiK2cSD6zDB8N3cpsEBAvRxp9zOGg6G/SHHJYAT88/az/IuDGALsNVbGg==
  dependencies:
    color-name "1.1.3"

color-name@1.1.3:
  version "1.1.3"
  resolved "https://registry.npmjs.org/color-name/-/color-name-1.1.3.tgz"
  integrity sha512-72fSenhMw2HZMTVHeCA9KCmpEIbzWiQsjN+BHcBbS9vr1mtt+vJjPdksIBNUmKAW8TFUDPJK5SUU3QhE9NEXDw==

cookie@^1.0.1:
  version "1.1.1"
  resolved "https://registry.npmjs.org/cookie/-/cookie-1.1.1.tgz"
  integrity sha512-ei8Aos7ja0weRpFzJnEA9UHJ/7XQmqglbRwnf2ATjcB9Wq874VKH9kfjjirM6UhU2/E5fFYadylyhFldcqSidQ==

cookie@^2.0.1:
  version "2.0.1"
  resolved "https://registry.npmjs.org/cookie/-/cookie-2.0.1.tgz"
  integrity sha512-yuToqVvRrj6pfDXREyQAAv8SkAEk/8GS3jQRTiUMm66TVtBYmqQeoEjL2Lmq8Rpo6271vH76InTChTitEAm65w==

css.escape@^1.5.1:
  version "1.5.1"
  resolved "https://registry.npmjs.org/css.escape/-/css.escape-1.5.1.tgz"
  integrity sha512-YUifsXXuknHlUsmlgyY0PKzgPOr7/FjCePfHNt0jxm83wHZi44VDMQ7/fGNkjY3/jV1MC+1CmZbaHzugyeRtpg==

debug@^4.4.3:
  version "4.4.3"
  resolved "https://registry.npmjs.org/debug/-/debug-4.4.3.tgz"
  integrity sha512-RGwwWnwQvkVfavKVt22FGLw+xYSdzARwm0ru6DhTVA3umU5hZc28V3kO4stgYryrTlLpuvgI9GiijltAjNbcqA==
  dependencies:
    ms "^2.1.3"

dequal@^2.0.3:
  version "2.0.3"
  resolved "https://registry.npmjs.org/dequal/-/dequal-2.0.3.tgz"
  integrity sha512-0je+qPKHEMohvfRTCEo3CrPG6cAzAYgmzKyxRiYSSDkS6eGJdyVJm7WaYA5ECaAD9wLB2T4EEeymA5aFVcYXCA==

detect-libc@^2.0.3:
  version "2.1.2"
  resolved "https://registry.npmjs.org/detect-libc/-/detect-libc-2.1.2.tgz"
  integrity sha512-Btj2BOOO83o3WyH59e8MgXsxEQVcarkUOpEYrubB0urwnN10yQ364rsiByU11nZlqWYZm05i/of7io4mzihBtQ==

dom-accessibility-api@^0.5.9:
  version "0.5.14"
  resolved "https://registry.npmjs.org/dom-accessibility-api/-/dom-accessibility-api-0.5.14.tgz"
  integrity sha512-NMt+m9zFMPZe0JcY9gN224Qvk6qLIdqex29clBvc/y75ZBX9YA9wNK3frsYvu2DI1xcCIwxwnX+TlsJ2DSOADg==

dom-accessibility-api@^0.6.3:
  version "0.6.3"
  resolved "https://registry.npmjs.org/dom-accessibility-api/-/dom-accessibility-api-0.6.3.tgz"
  integrity sha512-7ZgogeTnjuHbo+ct10G9Ffp0mif17idi0IyWNVA/wcwcm7NPOD/WEHVP3n7n3MhXqxoIYm8d6MuZohYWIZ4T3w==

emoji-regex@^10.3.0:
  version "10.6.0"
  resolved "https://registry.npmjs.org/emoji-regex/-/emoji-regex-10.6.0.tgz"
  integrity sha512-toUI84YS5YmxW219erniWD0CIVOo46xGKColeNQRgOzDorgBi1v4D71/OFzgD9GO2UGKIv1C3Sp8DAn0+j5w7A==

escalade@^3.1.1:
  version "3.2.0"
  resolved "https://registry.npmjs.org/escalade/-/escalade-3.2.0.tgz"
  integrity sha512-WUj2qlxaQtO4g6Pq5c29GTcWGDyd8itL8zTlipgECz3JesAiiOKotd8JU6otB3PACgG6xkJUyVhboMS+bje/jA==

escape-string-regexp@^1.0.5:
  version "1.0.5"
  resolved "https://registry.npmjs.org/escape-string-regexp/-/escape-string-regexp-1.0.5.tgz"
  integrity sha512-vbRorB5FUQWvla16U8R/qgaFIya2qGzwDrNmCZuYKrbdSUMG6I1ZCGQRefkRVhuOkIGVne7BQ35DSfo1qvJqFg==

fast-string-truncated-width@^3.0.2:
  version "3.0.3"
  resolved "https://registry.npmjs.org/fast-string-truncated-width/-/fast-string-truncated-width-3.0.3.tgz"
  integrity sha512-0jjjIEL6+0jag3l2XWWizO64/aZVtpiGE3t0Zgqxv0DPuxiMjvB3M24fCyhZUO4KomJQPj3LTSUnDP3GpdwC0g==

fast-string-width@^3.0.2:
  version "3.0.2"
  resolved "https://registry.npmjs.org/fast-string-width/-/fast-string-width-3.0.2.tgz"
  integrity sha512-gX8LrtNEI5hq8DVUfRQMbr5lpaS4nMIWV+7XEbXk2b8kiQIizgnlr12B4dA3ZEx3308ze0O4Q1R+cHts8kyUJg==
  dependencies:
    fast-string-truncated-width "^3.0.2"

fast-wrap-ansi@^0.2.0:
  version "0.2.2"
  resolved "https://registry.npmjs.org/fast-wrap-ansi/-/fast-wrap-ansi-0.2.2.tgz"
  integrity sha512-7F2Fl+TjRSenLqlU3UjSH0iyqopqoZIu7eZVpEirP2g1GtWa2G/ecEmBdgz31+Mxr+ELclgg6sokpSFIQiZ02Q==
  dependencies:
    fast-string-width "^3.0.2"

fdir@^6.5.0:
  version "6.5.0"
  resolved "https://registry.npmjs.org/fdir/-/fdir-6.5.0.tgz"
  integrity sha512-tIbYtZbucOs0BRGqPJkshJUYdL+SDH7dVM8gjy+ERp3WAUjLEFJE+02kanyHtwjWOnwrKYBiwAmM0p4kLJAnXg==

get-caller-file@^2.0.5:
  version "2.0.5"
  resolved "https://registry.npmjs.org/get-caller-file/-/get-caller-file-2.0.5.tgz"
  integrity sha512-DyFP3BM/3YHTQOCUL/w0OZHR0lpKeGrxotcHWcqNEdnltqFwXVfhEBQ94eIo34AfQpo0rGki4cyIiftY06h2Fg==

get-east-asian-width@^1.0.0, get-east-asian-width@^1.5.0:
  version "1.7.0"
  resolved "https://registry.npmjs.org/get-east-asian-width/-/get-east-asian-width-1.7.0.tgz"
  integrity sha512-XjH1AECxf0giL2V1aU8vKyRR2ppRUb5c0EvT7zuJTokQ74bNo52zOtghqdWIqrhUD79fo3x0WfKZdOqxF6LG1Q==

has-flag@^3.0.0:
  version "3.0.0"
  resolved "https://registry.npmjs.org/has-flag/-/has-flag-3.0.0.tgz"
  integrity sha512-sKJf1+ceQBr4SMkvQnBDNDtf4TXpVhVGateu0t918bl30FnbE2m4vNLX+VWe/dpjlb+HugGYzW7uQXH98HPEYw==

headers-polyfill@^5.0.1:
  version "5.0.1"
  resolved "https://registry.npmjs.org/headers-polyfill/-/headers-polyfill-5.0.1.tgz"
  integrity sha512-1TJ6Fih/b8h5TIcv+1+Hw0PDQWJTKDKzFZzcKOiW1wJza3XoAQlkCuXLbymPYB8+ZQyw8mHvdw560e8zVFIWyA==
  dependencies:
    "@types/set-cookie-parser" "^2.4.10"
    set-cookie-parser "^3.0.1"

indent-string@^4.0.0:
  version "4.0.0"
  resolved "https://registry.npmjs.org/indent-string/-/indent-string-4.0.0.tgz"
  integrity sha512-EdDDZu4A2OyIK7Lr/2zG+w5jmbuk1DVBnEwREQvBzspBJkCEbRa8GxU1lghYcaGJCnRWibjDXlq779X1/y5xwg==

is-node-process@^1.2.0:
  version "1.2.0"
  resolved "https://registry.npmjs.org/is-node-process/-/is-node-process-1.2.0.tgz"
  integrity sha512-Vg4o6/fqPxIjtxgUH5QLJhwZ7gW5diGCVlXpuUfELC62CuxM1iHcRe51f2W1FDy04Ai4KJkagKjx3XaqyfRKXw==

js-tokens@^4.0.0:
  version "4.0.0"
  resolved "https://registry.npmjs.org/js-tokens/-/js-tokens-4.0.0.tgz"
  integrity sha512-RdJUflcE3cUzKiMqQgsCu06FPu9UdIJO0beYbPhHN4k6apgJtifcoCtT9bcxOpYBtpD2kCM6Sbzg4CausW/PKQ==

lightningcss-win32-x64-msvc@1.33.0:
  version "1.33.0"
  resolved "https://registry.npmjs.org/lightningcss-win32-x64-msvc/-/lightningcss-win32-x64-msvc-1.33.0.tgz"
  integrity sha512-OlEICDx/Xl0FqSp4bry8zFnCvGpig3Gl4gCquvYwHuqJKEC1+n9NgDniFvqHGmMv1ZkqDJrDqKKSykTDX+ehuA==

lightningcss@^1.33.0:
  version "1.33.0"
  resolved "https://registry.npmjs.org/lightningcss/-/lightningcss-1.33.0.tgz"
  integrity sha512-WkUDrojuJs0xkgGf2udWxa3yGBRxPtxUkB79i6aCZLRgc7PM8fZe9TosfPDcvEpQZbuFASnHYmRLBLUbmLOIIA==
  dependencies:
    detect-libc "^2.0.3"
  optionalDependencies:
    lightningcss-android-arm64 "1.33.0"
    lightningcss-darwin-arm64 "1.33.0"
    lightningcss-darwin-x64 "1.33.0"
    lightningcss-freebsd-x64 "1.33.0"
    lightningcss-linux-arm-gnueabihf "1.33.0"
    lightningcss-linux-arm64-gnu "1.33.0"
    lightningcss-linux-arm64-musl "1.33.0"
    lightningcss-linux-x64-gnu "1.33.0"
    lightningcss-linux-x64-musl "1.33.0"
    lightningcss-win32-arm64-msvc "1.33.0"
    lightningcss-win32-x64-msvc "1.33.0"

lz-string@^1.5.0:
  version "1.5.0"
  resolved "https://registry.npmjs.org/lz-string/-/lz-string-1.5.0.tgz"
  integrity sha512-h5bgJWpxJNswbU7qCrV0tIKQCaS3blPDrqKWx+QxzuzL1zGUzij9XCWLrSLsJPu5t+eWA/ycetzYAO5IOMcWAQ==

min-indent@^1.0.0:
  version "1.0.1"
  resolved "https://registry.npmjs.org/min-indent/-/min-indent-1.0.1.tgz"
  integrity sha512-I9jwMn07Sy/IwOj3zVkVik2JTvgpaykDZEigL6Rx6N9LbMywwUSMtxET+7lVoDLLd3O3IXwJwvuuns8UB/HeAg==

ms@^2.1.3:
  version "2.1.3"
  resolved "https://registry.npmjs.org/ms/-/ms-2.1.3.tgz"
  integrity sha512-6FlzubTLZG3J2a/NVCAleEhjzq5oxgHyaCU9yYXvcLsvoVaHJq/s5xXI6/XXP6tz7R9xAOtHnSO/tXtF3WRTlA==

msw@^3.0.1:
  version "3.0.1"
  resolved "https://registry.npmjs.org/msw/-/msw-3.0.1.tgz"
  integrity sha512-gZvA8aJe8t5Ajnt5G91v19zdjCDSf8jmWO3I9krN+2PFdVgg90Mrl4lWkjP3bivMRAmyI+G2eEIzrcPko8laEg==
  dependencies:
    "@inquirer/confirm" "^6.0.11"
    "@msw/url" "^0.1.2"
    "@mswjs/interceptors" "^0.45.6"
    cookie "^2.0.1"
    headers-polyfill "^5.0.1"
    is-node-process "^1.2.0"
    outvariant "^1.4.3"
    rettime "^0.11.12"
    tough-cookie "^6.0.2"
    type-fest "^5.5.0"
    until-async "^3.0.2"
    yargs "^18.2.0"

mute-stream@^3.0.0:
  version "3.0.0"
  resolved "https://registry.npmjs.org/mute-stream/-/mute-stream-3.0.0.tgz"
  integrity sha512-dkEJPVvun4FryqBmZ5KhDo0K9iDXAwn08tMLDinNdRBNPcYEDiWYysLcc6k3mjTMlbP9KyylvRpd4wFtwrT9rw==

nanoid@^3.3.18:
  version "3.3.19"
  resolved "https://registry.npmjs.org/nanoid/-/nanoid-3.3.19.tgz"
  integrity sha512-Y2tUNy4ouw6tq5oDSKeQYGOyhkUBhNOcGV/02KC+6kd9eDGqdZd++mjMiIDilrBYvjEnCYvVtsuHCuP+okSfug==

outvariant@^1.4.3:
  version "1.4.3"
  resolved "https://registry.npmjs.org/outvariant/-/outvariant-1.4.3.tgz"
  integrity sha512-+Sl2UErvtsoajRDKCE5/dBz4DIvHXQQnAxtQTF04OJxY0+DyZXSo5P5Bb7XYWOh81syohlYL24hbDwxedPUJCA==

picocolors@^1.1.1, picocolors@1.1.1:
  version "1.1.1"
  resolved "https://registry.npmjs.org/picocolors/-/picocolors-1.1.1.tgz"
  integrity sha512-xceH2snhtb5M9liqDsmEw56le376mTZkEX/jEb/RxNFyegNul7eNslCXP9FDj/Lcu0X8KEyMceP2ntpaHrDEVA==

"picomatch@^3 || ^4", picomatch@^4.0.4, picomatch@^4.0.7:
  version "4.0.7"
  resolved "https://registry.npmjs.org/picomatch/-/picomatch-4.0.7.tgz"
  integrity sha512-qcJu88Q2IWqJsDD529JKMdwGm/dvInW4HvQnRwiH9JtihJvzGOscDtHE3x1pBKeUOTysQ8kVmLnJ2kJu7yhcGA==

postcss@^8.5.28:
  version "8.5.28"
  resolved "https://registry.npmjs.org/postcss/-/postcss-8.5.28.tgz"
  integrity sha512-RRuzqDtt5Y9h3quz5hWhK+TPnsmVs6WwSU6LkJMeY4HstUEDuYTG8UJSdawMRzmzAtV+KEoG8N3Qg2qLy5vM/A==
  dependencies:
    nanoid "^3.3.18"
    picocolors "^1.1.1"
    source-map-js "^1.2.1"

prettier@^3.9.9:
  version "3.9.9"
  resolved "https://registry.npmjs.org/prettier/-/prettier-3.9.9.tgz"
  integrity sha512-Z/CJHIkdujO/OtN7nXUii0Rf3VT5SRuhjBA82Xvu2XhBUgX3nhP67T0LHceBdQLex7OOFGTox+Q5Yg8Jk2Qivg==

pretty-format@^27.0.2:
  version "27.5.1"
  resolved "https://registry.npmjs.org/pretty-format/-/pretty-format-27.5.1.tgz"
  integrity sha512-Qb1gy5OrP5+zDf2Bvnzdl3jsTf1qXVMazbvCoKhtKqVs4/YK4ozX4gKQJJVyNe+cajNPn0KoC0MC3FUmaHWEmQ==
  dependencies:
    ansi-regex "^5.0.1"
    ansi-styles "^5.0.0"
    react-is "^17.0.1"

"react-dom@^18.0.0 || ^19.0.0", react-dom@^19.3.0, react-dom@>=18:
  version "19.3.0"
  resolved "https://registry.npmjs.org/react-dom/-/react-dom-19.3.0.tgz"
  integrity sha512-JDk8dgif51OjFoDE70+OT9ICyYr+69HlmihNwp1+Nsfbna3t5sIiCa9ZJktDmQ4/1b/rn26hIAR2uYXDMr5r0Q==
  dependencies:
    scheduler "^0.28.0"

react-is@^17.0.1:
  version "17.0.2"
  resolved "https://registry.npmjs.org/react-is/-/react-is-17.0.2.tgz"
  integrity sha512-w2GsyukL62IJnlaff/nRegPQR94C/XXamvMWmSHRJ4y7Ts/4ocGRmTHvOs8PSE6pB3dWOrD/nueuU5sduBsQ4w==

react-router-dom@^7.18.4:
  version "7.18.4"
  resolved "https://registry.npmjs.org/react-router-dom/-/react-router-dom-7.18.4.tgz"
  integrity sha512-yrfmJHIpDG7taCpqKjT1G5B6q3O2K+RN8/fgNf0lTjCwiPbQ0ei6vXX9ZjQR+7ld8Tr7Z5xmyMnZ8YJrphWQUw==
  dependencies:
    react-router "7.18.4"

react-router@7.18.4:
  version "7.18.4"
  resolved "https://registry.npmjs.org/react-router/-/react-router-7.18.4.tgz"
  integrity sha512-PUPQcMhMGRAslLcvtlPz/kmzBEWPhLdgLFrL7pLNepBL6dX0lWj4WD2cUYVgYCuT3jxvghYFg81cDTj44DhetQ==
  dependencies:
    cookie "^1.0.1"
    set-cookie-parser "^2.6.0"

"react@^18.0.0 || ^19.0.0", react@^19.3.0, react@>=18:
  version "19.3.0"
  resolved "https://registry.npmjs.org/react/-/react-19.3.0.tgz"
  integrity sha512-E8LUcbtBWt20bbl2YoHfx4ZDBdxVTfOKtCZn9cDSJ4l6/nuoApcpIBcj47t2wZoVX8g2ZHuMHbiShgCR1T5Sog==

redent@^3.0.0:
  version "3.0.0"
  resolved "https://registry.npmjs.org/redent/-/redent-3.0.0.tgz"
  integrity sha512-6tDA8g98We0zd0GvVeMT9arEOnTw9qM03L9cJXaCjrip1OO764RDBLBfrB4cwzNGDj5OA5ioymC9GkizgWJDUg==
  dependencies:
    indent-string "^4.0.0"
    strip-indent "^3.0.0"

regenerator-runtime@^0.13.11:
  version "0.13.11"
  resolved "https://registry.npmjs.org/regenerator-runtime/-/regenerator-runtime-0.13.11.tgz"
  integrity sha512-kY1AZVr2Ra+t+piVaJ4gxaFaReZVH40AKNo7UCX6W+dEwBo/2oZJzqfuN1qLq1oL45o56cPaTXELwrTh8Fpggg==

rettime@^0.11.12:
  version "0.11.12"
  resolved "https://registry.npmjs.org/rettime/-/rettime-0.11.12.tgz"
  integrity sha512-5ExtR1ppiDBQkVoPw5NAqdbfH4Iq2VOmQKHMtUoaFxA9bo2krzFYBtyq6K40xxbYp+2w/YOr6D+1ToF6tTN53A==

rolldown@~1.2.11:
  version "1.2.12"
  resolved "https://registry.npmjs.org/rolldown/-/rolldown-1.2.12.tgz"
  integrity sha512-8wafseiaG80xmXSfqidUNqZcylTlhmPZZt+za2m+js2sFZ8dTNlhIOV2WcbIPx2hgwPBJpEUGFAMZ9bgBBLTSQ==
  dependencies:
    "@oxc-project/types" "=0.152.0"
    "@rolldown/pluginutils" "^1.0.0"
  optionalDependencies:
    "@rolldown/binding-android-arm-eabi" "1.2.12"
    "@rolldown/binding-android-arm64" "1.2.12"
    "@rolldown/binding-darwin-arm64" "1.2.12"
    "@rolldown/binding-darwin-x64" "1.2.12"
    "@rolldown/binding-freebsd-x64" "1.2.12"
    "@rolldown/binding-linux-arm-gnueabihf" "1.2.12"
    "@rolldown/binding-linux-arm64-gnu" "1.2.12"
    "@rolldown/binding-linux-arm64-musl" "1.2.12"
    "@rolldown/binding-linux-ppc64-gnu" "1.2.12"
    "@rolldown/binding-linux-s390x-gnu" "1.2.12"
    "@rolldown/binding-linux-x64-gnu" "1.2.12"
    "@rolldown/binding-linux-x64-musl" "1.2.12"
    "@rolldown/binding-openharmony-arm64" "1.2.12"
    "@rolldown/binding-win32-arm64-msvc" "1.2.12"
    "@rolldown/binding-win32-x64-msvc" "1.2.12"

scheduler@^0.28.0:
  version "0.28.0"
  resolved "https://registry.npmjs.org/scheduler/-/scheduler-0.28.0.tgz"
  integrity sha512-juorfCmIkIw8tT+p5BXSm6PJjQF/ycEYmKyzURCIt/RaZIhL+PulbQ9Yu2z1HdOJDdqDTlxA1+xKBmHXJsczAw==

set-cookie-parser@^2.6.0:
  version "2.7.2"
  resolved "https://registry.npmjs.org/set-cookie-parser/-/set-cookie-parser-2.7.2.tgz"
  integrity sha512-oeM1lpU/UvhTxw+g3cIfxXHyJRc/uidd3yK1P242gzHds0udQBYzs3y8j4gCCW+ZJ7ad0yctld8RYO+bdurlvw==

set-cookie-parser@^3.0.1:
  version "3.1.2"
  resolved "https://registry.npmjs.org/set-cookie-parser/-/set-cookie-parser-3.1.2.tgz"
  integrity sha512-5/r/lTwbJ3zQ+qwdUFZYeRNqda7P5HD8zQKqlSjdGt1/S0cjLAphHusj4Y58ahDtWn/g32xrIS58/ikOvwl0Lw==

signal-exit@^4.1.0:
  version "4.1.0"
  resolved "https://registry.npmjs.org/signal-exit/-/signal-exit-4.1.0.tgz"
  integrity sha512-bzyZ1e88w9O1iNJbKnOlvYTrWPDl46O1bG0D3XInv+9tkPrxrN8jUUTiFlDkkmKWgn1M6CfIA13SuGqOa9Korw==

source-map-js@^1.2.1:
  version "1.2.2"
  resolved "https://registry.npmjs.org/source-map-js/-/source-map-js-1.2.2.tgz"
  integrity sha512-KGj/8Y43x35aZVDtt+J4mK1hoLGHULMYfSkODJNQjNDC3oW1PqPoxMwo0pLUsWM/UEGzON/NxeHywEfNXNP3Vw==

string-width@^7.0.0:
  version "7.2.0"
  resolved "https://registry.npmjs.org/string-width/-/string-width-7.2.0.tgz"
  integrity sha512-tsaTIkKW9b4N+AEj+SVA+WhJzV7/zMhcSu78mLKWSk7cXMOSHsBKFWUs0fWwq8QyK3MgJBQRX6Gbi4kYbdvGkQ==
  dependencies:
    emoji-regex "^10.3.0"
    get-east-asian-width "^1.0.0"
    strip-ansi "^7.1.0"

string-width@^7.2.0:
  version "7.2.0"
  resolved "https://registry.npmjs.org/string-width/-/string-width-7.2.0.tgz"
  integrity sha512-tsaTIkKW9b4N+AEj+SVA+WhJzV7/zMhcSu78mLKWSk7cXMOSHsBKFWUs0fWwq8QyK3MgJBQRX6Gbi4kYbdvGkQ==
  dependencies:
    emoji-regex "^10.3.0"
    get-east-asian-width "^1.0.0"
    strip-ansi "^7.1.0"

string-width@^8.2.1:
  version "8.3.0"
  resolved "https://registry.npmjs.org/string-width/-/string-width-8.3.0.tgz"
  integrity sha512-ZbmZM0JCihQN91dWnxoipT2KOEyHqEyfRXUyjuRhW8b/xnqPDoq4gWEVApTVa9db2wN8mmoikgFBbjh71+cGeQ==
  dependencies:
    get-east-asian-width "^1.5.0"
    strip-ansi "^7.1.2"

strip-ansi@^7.1.0, strip-ansi@^7.1.2:
  version "7.2.0"
  resolved "https://registry.npmjs.org/strip-ansi/-/strip-ansi-7.2.0.tgz"
  integrity sha512-yDPMNjp4WyfYBkHnjIRLfca1i6KMyGCtsVgoKe/z1+6vukgaENdgGBZt+ZmKPc4gavvEZ5OgHfHdrazhgNyG7w==
  dependencies:
    ansi-regex "^6.2.2"

strip-indent@^3.0.0:
  version "3.0.0"
  resolved "https://registry.npmjs.org/strip-indent/-/strip-indent-3.0.0.tgz"
  integrity sha512-laJTa3Jb+VQpaC6DseHhF7dXVqHTfJPCRDaEbid/drOhgitgYku/letMUqOXFoWV0zIIUbjpdH2t+tYj4bQMRQ==
  dependencies:
    min-indent "^1.0.0"

supports-color@^5.3.0:
  version "5.5.0"
  resolved "https://registry.npmjs.org/supports-color/-/supports-color-5.5.0.tgz"
  integrity sha512-QjVjwdXIt408MIiAqCX4oUKsgU2EqAGzs2Ppkm4aQYbjm+ZEWEcW4SfFNTr4uMNZma0ey4f5lgLrkB0aX0QMow==
  dependencies:
    has-flag "^3.0.0"

tagged-tag@^1.0.0:
  version "1.0.0"
  resolved "https://registry.npmjs.org/tagged-tag/-/tagged-tag-1.0.0.tgz"
  integrity sha512-yEFYrVhod+hdNyx7g5Bnkkb0G6si8HJurOoOEgC8B/O0uXLHlaey/65KRv6cuWBNhBgHKAROVpc7QyYqE5gFng==

tinyglobby@^0.2.17:
  version "0.2.17"
  resolved "https://registry.npmjs.org/tinyglobby/-/tinyglobby-0.2.17.tgz"
  integrity sha512-wXR/dYpcqKmfWpEdZjiKJOwCNFndD0DMnrW/cYjVGttEkBfVgcLFHoNrlj47mjOVic9yyNu65alsgF4NQyTa2g==
  dependencies:
    fdir "^6.5.0"
    picomatch "^4.0.4"

tldts-core@^7.4.16:
  version "7.4.16"
  resolved "https://registry.npmjs.org/tldts-core/-/tldts-core-7.4.16.tgz"
  integrity sha512-MDolfaSJtlSK5Y0A1xl3277ekubZwobpBjugknDizI9O5Rm60a1m8k4ICK+MRsCDzPygT81mp3BBf5RKDlFRfA==

tldts@^7.0.5:
  version "7.4.16"
  resolved "https://registry.npmjs.org/tldts/-/tldts-7.4.16.tgz"
  integrity sha512-QwBER5KMR86IIjpIiO7H/Z3IMJPsZ1A6RKPAqzTTgOyUQUSt9FdnKcqhTaJmkY6HVrgouZHZR0ncK5QxvmnQeg==
  dependencies:
    tldts-core "^7.4.16"

tough-cookie@^6.0.2:
  version "6.0.2"
  resolved "https://registry.npmjs.org/tough-cookie/-/tough-cookie-6.0.2.tgz"
  integrity sha512-exgYmnmL/sJpR3upZfXG5PoatXQii55xAiXGXzY+sROLZ/Y+SLcp9PgJNI9Vz37HpQ74WvDcLT8eqm+kV3FzrA==
  dependencies:
    tldts "^7.0.5"

type-fest@^5.5.0:
  version "5.10.0"
  resolved "https://registry.npmjs.org/type-fest/-/type-fest-5.10.0.tgz"
  integrity sha512-NoSdpq/WEiAg5sjmBkmV/hfxv6HJH4NqPNrqjtSO5CwRmpsDfaf4begxW34KdJykH/l1yHtwBWQkCRdoXO8mPA==
  dependencies:
    tagged-tag "^1.0.0"

undici-types@~8.9.0:
  version "8.9.0"
  resolved "https://registry.npmjs.org/undici-types/-/undici-types-8.9.0.tgz"
  integrity sha512-KTDyRTYX8sWmKXAikPHHSyc63CRPETMctyjKFupcC6OBLXT3xsN0e9aF7m+mIXutFWpUXuedtowG7iLOzp0kQg==

until-async@^3.0.2:
  version "3.0.2"
  resolved "https://registry.npmjs.org/until-async/-/until-async-3.0.2.tgz"
  integrity sha512-IiSk4HlzAMqTUseHHe3VhIGyuFmN90zMTpD3Z3y8jeQbzLIq500MVM7Jq2vUAnTKAFPJrqwkzr6PoTcPhGcOiw==

vite@^8.0.0, vite@^8.3.2, vite@>=6:
  version "8.3.2"
  resolved "https://registry.npmjs.org/vite/-/vite-8.3.2.tgz"
  integrity sha512-SQr1x6W5vVSbROg7vsyXIaxK9b0G7zsT68acdWWRmnBUsgDieLCRG+Rep9WdZgcposvv/GSnr4GUUBqB3vXq6w==
  dependencies:
    lightningcss "^1.33.0"
    picomatch "^4.0.7"
    postcss "^8.5.28"
    rolldown "~1.2.11"
    tinyglobby "^0.2.17"
  optionalDependencies:
    fsevents "~2.3.3"

wrap-ansi@^9.0.0:
  version "9.0.2"
  resolved "https://registry.npmjs.org/wrap-ansi/-/wrap-ansi-9.0.2.tgz"
  integrity sha512-42AtmgqjV+X1VpdOfyTGOYRi0/zsoLqtXQckTmqTeybT+BDIbM/Guxo7x3pE2vtpr1ok6xRqM9OpBe+Jyoqyww==
  dependencies:
    ansi-styles "^6.2.1"
    string-width "^7.0.0"
    strip-ansi "^7.1.0"

y18n@^5.0.5:
  version "5.0.8"
  resolved "https://registry.npmjs.org/y18n/-/y18n-5.0.8.tgz"
  integrity sha512-0pfFzegeDWJHJIAmTLRP2DwHjdF5s7jo9tuztdQxAhINCdvS+3nGINqPd00AphqJR/0LhANUS6/+7SCb98YOfA==

yargs-parser@^22.0.0:
  version "22.0.0"
  resolved "https://registry.npmjs.org/yargs-parser/-/yargs-parser-22.0.0.tgz"
  integrity sha512-rwu/ClNdSMpkSrUb+d6BRsSkLUq1fmfsY6TOpYzTwvwkg1/NRG85KBy3kq++A8LKQwX6lsu+aWad+2khvuXrqw==

yargs@^18.2.0:
  version "18.2.0"
  resolved "https://registry.npmjs.org/yargs/-/yargs-18.2.0.tgz"
  integrity sha512-9OpKOLeaoNFecEp7P6iYbzze/5CqWoH7N3SMs/6y1XF4nMvFMspEGZzJ6uFi9MmQwXhyzqYoSEKO3tvA3Z/o2w==
  dependencies:
    cliui "^9.0.1"
    escalade "^3.1.1"
    get-caller-file "^2.0.5"
    string-width "^8.2.1"
    y18n "^5.0.5"
    yargs-parser "^22.0.0"
